{
  "name": "capnpc-ts",
  "lockfileVersion": 2,
  "requires": true,
  "packages": {
    "": {
      "dependencies": {
        "capnpc-ts": "^0.4.0"
      }
    },
    "node_modules/bluebird": {
      "version": "3.7.2",
      "resolved": "https://registry.npmjs.org/bluebird/-/bluebird-3.7.2.tgz",
      "integrity": "sha512-XpNj6GDQzdfW+r2Wnn7xiSAd7TM3jzkxGXBGTtWKuSXv1xUV+azxAm8jdWZN06QTQk+2N2XB9jRDkvbmQmcRtg=="
    },
    "node_modules/capnp-ts": {
      "version": "0.4.0",
      "resolved": "https://registry.npmjs.org/capnp-ts/-/capnp-ts-0.4.0.tgz",
      "integrity": "sha512-yfNaoTHdqy7l3Yl1H+VyJTgzdTFAC3jPXqc9wVirg6W7gCGkWKCMI2mgTBh5QtCL91SrGWSsN26JQ8Ok7nrHpQ==",
      "dependencies": {
        "debug": "^2.6.3",
        "format": "^0.2.2",
        "tslib": "^1.7.1",
        "utf8-encoding": "^0.1.2"
      }
    },
    "node_modules/capnp-ts/node_modules/debug": {
      "version": "2.6.9",
      "resolved": "https://registry.npmjs.org/debug/-/debug-2.6.9.tgz",
      "integrity": "sha512-bC7ElrdJaJnPbAP+1EotYvqZsb3ecl5wi6Bfi6BJTUcNowp6cvspg0jXznRTKDjm/E7AdgFBVeAPVMNcKGsHMA==",
      "dependencies": {
        "ms": "2.0.0"
      }
    },
    "node_modules/capnp-ts/node_modules/ms": {
      "version": "2.0.0",
      "resolved": "https://registry.npmjs.org/ms/-/ms-2.0.0.tgz",
      "integrity": "sha512-Tpp60P6IUJDTuOq/5Z8cdskzJujfwqfOTkrwIwj7IRISpnkJnT6SyJ4PCPnGMoFjC9ddhal5KVIYtAt97ix05A=="
    },
    "node_modules/capnpc-ts": {
      "version": "0.4.0",
      "resolved": "https://registry.npmjs.org/capnpc-ts/-/capnpc-ts-0.4.0.tgz",
      "integrity": "sha512-oU+BYRyi6f/Tov3/BSFieY1vHyeFJGMiPtZcjf9DTrDALxspbz2Dm1Ax894e4Ycn7m/dW1805OxPdOoenn08kg==",
      "dependencies": {
        "bluebird": "^3.5.0",
        "capnp-ts": "^0.4.0",
        "debug": "^3.1.0",
        "hex2dec": "^1.0.1",
        "mkdirp": "^0.5.1",
        "ramda": "^0.24.1",
        "tslib": "^1.7.1",
        "typescript": "^2.4.1"
      },
      "bin": {
        "capnpc-ts": "bin/capnpc-ts.js"
      }
    },
    "node_modules/debug": {
      "version": "3.2.7",
      "resolved": "https://registry.npmjs.org/debug/-/debug-3.2.7.tgz",
      "integrity": "sha512-CFjzYYAi4ThfiQvizrFQevTTXHtnCqWfe7x1AhgEscTz6ZbLbfoLRLPugTQyBth6f8ZERVUSyWHFD/7Wu4t1XQ==",
      "dependencies": {
        "ms": "^2.1.1"
      }
    },
    "node_modules/format": {
      "version": "0.2.2",
      "resolved": "https://registry.npmjs.org/format/-/format-0.2.2.tgz",
      "integrity": "sha512-wzsgA6WOq+09wrU1tsJ09udeR/YZRaeArL9e1wPbFg3GG2yDnC2ldKpxs4xunpFF9DgqCqOIra3bc1HWrJ37Ww==",
      "engines": {
        "node": ">=0.4.x"
      }
    },
    "node_modules/hex2dec": {
      "version": "1.1.2",
      "resolved": "https://registry.npmjs.org/hex2dec/-/hex2dec-1.1.2.tgz",
      "integrity": "sha512-Yu+q/XWr2fFQ11tHxPq4p4EiNkb2y+lAacJNhAdRXVfRIcDH6gi7htWFnnlIzvqHMHoWeIsfXlNAjZInpAOJDA=="
    },
    "node_modules/minimist": {
      "version": "1.2.7",
      "resolved": "https://registry.npmjs.org/minimist/-/minimist-1.2.7.tgz",
      "integrity": "sha512-bzfL1YUZsP41gmu/qjrEk0Q6i2ix/cVeAhbCbqH9u3zYutS1cLg00qhrD0M2MVdCcx4Sc0UpP2eBWo9rotpq6g==",
      "funding": {
        "url": "https://github.com/sponsors/ljharb"
      }
    },
    "node_modules/mkdirp": {
      "version": "0.5.6",
      "resolved": "https://registry.npmjs.org/mkdirp/-/mkdirp-0.5.6.tgz",
      "integrity": "sha512-FP+p8RB8OWpF3YZBCrP5gtADmtXApB5AMLn+vdyA+PyxCjrCs00mjyUozssO33cwDeT3wNGdLxJ5M//YqtHAJw==",
      "dependencies": {
        "minimist": "^1.2.6"
      },
      "bin": {
        "mkdirp": "bin/cmd.js"
      }
    },
    "node_modules/ms": {
      "version": "2.1.3",
      "resolved": "https://registry.npmjs.org/ms/-/ms-2.1.3.tgz",
      "integrity": "sha512-6FlzubTLZG3J2a/NVCAleEhjzq5oxgHyaCU9yYXvcLsvoVaHJq/s5xXI6/XXP6tz7R9xAOtHnSO/tXtF3WRTlA=="
    },
    "node_modules/obtain-unicode": {
      "version": "0.0.5",
      "resolved": "https://registry.npmjs.org/obtain-unicode/-/obtain-unicode-0.0.5.tgz",
      "integrity": "sha512-0BQHvF6VCYEdXiRYlxRo5X/2fKFau/eymrhs453IA8W610+nEelS5mhvanWeiSnSyKfw/hjhB4MlogxannjQVA=="
    },
    "node_modules/ramda": {
      "version": "0.24.1",
      "resolved": "https://registry.npmjs.org/ramda/-/ramda-0.24.1.tgz",
      "integrity": "sha512-HEm619G8PaZMfkqCa23qiOe7r3R0brPu7ZgOsgKUsnvLhd0qhc/vTjkUovomgPWa5ECBa08fJZixth9LaoBo5w=="
    },
    "node_modules/tslib": {
      "version": "1.14.1",
      "resolved": "https://registry.npmjs.org/tslib/-/tslib-1.14.1.tgz",
      "integrity": "sha512-Xni35NKzjgMrwevysHTCArtLDpPvye8zV/0E4EyYn43P7/7qvQwPh9BGkHewbMulVntbigmcT7rdX3BNo9wRJg=="
    },
    "node_modules/typescript": {
      "version": "2.9.2",
      "resolved": "https://registry.npmjs.org/typescript/-/typescript-2.9.2.tgz",
      "integrity": "sha512-Gr4p6nFNaoufRIY4NMdpQRNmgxVIGMs4Fcu/ujdYk3nAZqk7supzBE9idmvfZIlH/Cuj//dvi+019qEue9lV0w==",
      "bin": {
        "tsc": "bin/tsc",
        "tsserver": "bin/tsserver"
      },
      "engines": {
        "node": ">=4.2.0"
      }
    },
    "node_modules/utf8-encoding": {
      "version": "0.1.2",
      "resolved": "https://registry.npmjs.org/utf8-encoding/-/utf8-encoding-0.1.2.tgz",
      "integrity": "sha512-TMrA9HlIUzIbBiEKeCzjFcNrDyjaz0kdpJtcSXu1UT0f/fYyo2Ij9oH2ChIHEA+UUPwtA/mRXfgu+OUa2s3x6A==",
      "dependencies": {
        "obtain-unicode": "~0.0.5"
      }
    }
  },
  "dependencies": {
    "bluebird": {
      "version": "3.7.2",
      "resolved": "https://registry.npmjs.org/bluebird/-/bluebird-3.7.2.tgz",
      "integrity": "sha512-XpNj6GDQzdfW+r2Wnn7xiSAd7TM3jzkxGXBGTtWKuSXv1xUV+azxAm8jdWZN06QTQk+2N2XB9jRDkvbmQmcRtg=="
    },
    "capnp-ts": {
      "version": "0.4.0",
      "resolved": "https://registry.npmjs.org/capnp-ts/-/capnp-ts-0.4.0.tgz",
      "integrity": "sha512-yfNaoTHdqy7l3Yl1H+VyJTgzdTFAC3jPXqc9wVirg6W7gCGkWKCMI2mgTBh5QtCL91SrGWSsN26JQ8Ok7nrHpQ==",
      "requires": {
        "debug": "^2.6.3",
        "format": "^0.2.2",
        "tslib": "^1.7.1",
        "utf8-encoding": "^0.1.2"
      },
      "dependencies": {
        "debug": {
          "version": "2.6.9",
          "resolved": "https://registry.npmjs.org/debug/-/debug-2.6.9.tgz",
          "integrity": "sha512-bC7ElrdJaJnPbAP+1EotYvqZsb3ecl5wi6Bfi6BJTUcNowp6cvspg0jXznRTKDjm/E7AdgFBVeAPVMNcKGsHMA==",
          "requires": {
            "ms": "2.0.0"
          }
        },
        "ms": {
          "version": "2.0.0",
          "resolved": "https://registry.npmjs.org/ms/-/ms-2.0.0.tgz",
          "integrity": "sha512-Tpp60P6IUJDTuOq/5Z8cdskzJujfwqfOTkrwIwj7IRISpnkJnT6SyJ4PCPnGMoFjC9ddhal5KVIYtAt97ix05A=="
        }
      }
    },
    "capnpc-ts": {
      "version": "0.4.0",
      "resolved": "https://registry.npmjs.org/capnpc-ts/-/capnpc-ts-0.4.0.tgz",
      "integrity": "sha512-oU+BYRyi6f/Tov3/BSFieY1vHyeFJGMiPtZcjf9DTrDALxspbz2Dm1Ax894e4Ycn7m/dW1805OxPdOoenn08kg==",
      "requires": {
        "bluebird": "^3.5.0",
        "capnp-ts": "^0.4.0",
        "debug": "^3.1.0",
        "hex2dec": "^1.0.1",
        "mkdirp": "^0.5.1",
        "ramda": "^0.24.1",
        "tslib": "^1.7.1",
        "typescript": "^2.4.1"
      }
    },
    "debug": {
      "version": "3.2.7",
      "resolved": "https://registry.npmjs.org/debug/-/debug-3.2.7.tgz",
      "integrity": "sha512-CFjzYYAi4ThfiQvizrFQevTTXHtnCqWfe7x1AhgEscTz6ZbLbfoLRLPugTQyBth6f8ZERVUSyWHFD/7Wu4t1XQ==",
      "requires": {
        "ms": "^2.1.1"
      }
    },
    "format": {
      "version": "0.2.2",
      "resolved": "https://registry.npmjs.org/format/-/format-0.2.2.tgz",
      "integrity": "sha512-wzsgA6WOq+09wrU1tsJ09udeR/YZRaeArL9e1wPbFg3GG2yDnC2ldKpxs4xunpFF9DgqCqOIra3bc1HWrJ37Ww=="
    },
    "hex2dec": {
      "version": "1.1.2",
      "resolved": "https://registry.npmjs.org/hex2dec/-/hex2dec-1.1.2.tgz",
      "integrity": "sha512-Yu+q/XWr2fFQ11tHxPq4p4EiNkb2y+lAacJNhAdRXVfRIcDH6gi7htWFnnlIzvqHMHoWeIsfXlNAjZInpAOJDA=="
    },
    "minimist": {
      "version": "1.2.7",
      "resolved": "https://registry.npmjs.org/minimist/-/minimist-1.2.7.tgz",
      "integrity": "sha512-bzfL1YUZsP41gmu/qjrEk0Q6i2ix/cVeAhbCbqH9u3zYutS1cLg00qhrD0M2MVdCcx4Sc0UpP2eBWo9rotpq6g=="
    },
    "mkdirp": {
      "version": "0.5.6",
      "resolved": "https://registry.npmjs.org/mkdirp/-/mkdirp-0.5.6.tgz",
      "integrity": "sha512-FP+p8RB8OWpF3YZBCrP5gtADmtXApB5AMLn+vdyA+PyxCjrCs00mjyUozssO33cwDeT3wNGdLxJ5M//YqtHAJw==",
      "requires": {
        "minimist": "^1.2.6"
      }
    },
    "ms": {
      "version": "2.1.3",
      "resolved": "https://registry.npmjs.org/ms/-/ms-2.1.3.tgz",
      "integrity": "sha512-6FlzubTLZG3J2a/NVCAleEhjzq5oxgHyaCU9yYXvcLsvoVaHJq/s5xXI6/XXP6tz7R9xAOtHnSO/tXtF3WRTlA=="
    },
    "obtain-unicode": {
      "version": "0.0.5",
      "resolved": "https://registry.npmjs.org/obtain-unicode/-/obtain-unicode-0.0.5.tgz",
      "integrity": "sha512-0BQHvF6VCYEdXiRYlxRo5X/2fKFau/eymrhs453IA8W610+nEelS5mhvanWeiSnSyKfw/hjhB4MlogxannjQVA=="
    },
    "ramda": {
      "version": "0.24.1",
      "resolved": "https://registry.npmjs.org/ramda/-/ramda-0.24.1.tgz",
      "integrity": "sha512-HEm619G8PaZMfkqCa23qiOe7r3R0brPu7ZgOsgKUsnvLhd0qhc/vTjkUovomgPWa5ECBa08fJZixth9LaoBo5w=="
    },
    "tslib": {
      "version": "1.14.1",
      "resolved": "https://registry.npmjs.org/tslib/-/tslib-1.14.1.tgz",
      "integrity": "sha512-Xni35NKzjgMrwevysHTCArtLDpPvye8zV/0E4EyYn43P7/7qvQwPh9BGkHewbMulVntbigmcT7rdX3BNo9wRJg=="
    },
    "typescript": {
      "version": "2.9.2",
      "resolved": "https://registry.npmjs.org/typescript/-/typescript-2.9.2.tgz",
      "integrity": "sha512-Gr4p6nFNaoufRIY4NMdpQRNmgxVIGMs4Fcu/ujdYk3nAZqk7supzBE9idmvfZIlH/Cuj//dvi+019qEue9lV0w=="
    },
    "utf8-encoding": {
      "version": "0.1.2",
      "resolved": "https://registry.npmjs.org/utf8-encoding/-/utf8-encoding-0.1.2.tgz",
      "integrity": "sha512-TMrA9HlIUzIbBiEKeCzjFcNrDyjaz0kdpJtcSXu1UT0f/fYyo2Ij9oH2ChIHEA+UUPwtA/mRXfgu+OUa2s3x6A==",
      "requires": {
        "obtain-unicode": "~0.0.5"
      }
    }
  }
}
