{
  "name": "jsxr",
  "version": "1.0.0",
  "lockfileVersion": 1,
  "requires": true,
  "dependencies": {
    "@types/ua-parser-js": {
      "version": "0.7.36",
      "resolved": "https://registry.npmjs.org/@types/ua-parser-js/-/ua-parser-js-0.7.36.tgz",
      "integrity": "sha512-N1rW+njavs70y2cApeIw1vLMYXRwfBy+7trgavGuuTfOd7j1Yh7QTRc/yqsPl6ncokt72ZXuxEU0PiCp9bSwNQ==",
      "dev": true
    },
    "@types/webxr": {
      "version": "0.5.1",
      "resolved": "https://registry.npmjs.org/@types/webxr/-/webxr-0.5.1.tgz",
      "integrity": "sha512-xlFXPfgJR5vIuDefhaHuUM9uUgvPaXB6GKdXy2gdEh8gBWQZ2ul24AJz3foUd8NNKlSTQuWYJpCb1/pL81m1KQ=="
    },
    "capnp-ts": {
      "version": "0.2.4",
      "resolved": "https://registry.npmjs.org/capnp-ts/-/capnp-ts-0.2.4.tgz",
      "integrity": "sha512-A9+Awl2WQDhg0fpEoyDpIF7RUQp27gpYBLRGV2zKA37a0IBEutdgIKDI7pO44C9AhzxvCfR6Ooj5W14D3TKaQA==",
      "dev": true,
      "requires": {
        "debug": "^2.6.3",
        "format": "^0.2.2",
        "tslib": "^1.7.1",
        "utf8-encoding": "^0.1.2"
      }
    },
    "debug": {
      "version": "2.6.9",
      "resolved": "https://registry.npmjs.org/debug/-/debug-2.6.9.tgz",
      "integrity": "sha512-bC7ElrdJaJnPbAP+1EotYvqZsb3ecl5wi6Bfi6BJTUcNowp6cvspg0jXznRTKDjm/E7AdgFBVeAPVMNcKGsHMA==",
      "dev": true,
      "requires": {
        "ms": "2.0.0"
      }
    },
    "format": {
      "version": "0.2.2",
      "resolved": "https://registry.npmjs.org/format/-/format-0.2.2.tgz",
      "integrity": "sha512-wzsgA6WOq+09wrU1tsJ09udeR/YZRaeArL9e1wPbFg3GG2yDnC2ldKpxs4xunpFF9DgqCqOIra3bc1HWrJ37Ww==",
      "dev": true
    },
    "ms": {
      "version": "2.0.0",
      "resolved": "https://registry.npmjs.org/ms/-/ms-2.0.0.tgz",
      "integrity": "sha512-Tpp60P6IUJDTuOq/5Z8cdskzJujfwqfOTkrwIwj7IRISpnkJnT6SyJ4PCPnGMoFjC9ddhal5KVIYtAt97ix05A==",
      "dev": true
    },
    "obtain-unicode": {
      "version": "0.0.5",
      "resolved": "https://registry.npmjs.org/obtain-unicode/-/obtain-unicode-0.0.5.tgz",
      "integrity": "sha512-0BQHvF6VCYEdXiRYlxRo5X/2fKFau/eymrhs453IA8W610+nEelS5mhvanWeiSnSyKfw/hjhB4MlogxannjQVA==",
      "dev": true
    },
    "tslib": {
      "version": "1.14.1",
      "resolved": "https://registry.npmjs.org/tslib/-/tslib-1.14.1.tgz",
      "integrity": "sha512-Xni35NKzjgMrwevysHTCArtLDpPvye8zV/0E4EyYn43P7/7qvQwPh9BGkHewbMulVntbigmcT7rdX3BNo9wRJg==",
      "dev": true
    },
    "ua-parser-js": {
      "version": "git+https://github.com/8thwall/ua-parser-js.git#46379495762d2db94463ad0781c8a2bce5e3cef8",
      "from": "git+https://github.com/8thwall/ua-parser-js.git#46379495762d2db94463ad0781c8a2bce5e3cef8",
      "dev": true
    },
    "utf8-encoding": {
      "version": "0.1.2",
      "resolved": "https://registry.npmjs.org/utf8-encoding/-/utf8-encoding-0.1.2.tgz",
      "integrity": "sha512-TMrA9HlIUzIbBiEKeCzjFcNrDyjaz0kdpJtcSXu1UT0f/fYyo2Ij9oH2ChIHEA+UUPwtA/mRXfgu+OUa2s3x6A==",
      "dev": true,
      "requires": {
        "obtain-unicode": "~0.0.5"
      }
    },
    "uuid": {
      "version": "3.4.0",
      "resolved": "https://registry.npmjs.org/uuid/-/uuid-3.4.0.tgz",
      "integrity": "sha512-HjSDRw6gZE5JMggctHBcjVak08+KEVhSIiDzFnT9S9aegmp85S/bReBVTb4QTFaRNptJ9kuYaNhnbNEOkbKb/A==",
      "dev": true
    }
  }
}
